
Microsoft Visual Studio Solution File, Format Version 12.00
# Visual Studio Version 17
VisualStudioVersion = 17.7.34031.279
MinimumVisualStudioVersion = 10.0.40219.1
Project("{FAE04EC0-301F-11D3-BF4B-00C04F79EFBC}") = "PhoneStore", "PhoneStore.csproj", "{EB07C11A-DB09-4E35-9765-C63586CCE75F}"
EndProject
Global
	GlobalSection(SolutionConfigurationPlatforms) = preSolution
		Debug|Any CPU = Debug|Any CPU
		Release|Any CPU = Release|Any CPU
	EndGlobalSection
	GlobalSection(ProjectConfigurationPlatforms) = postSolution
		{EB07C11A-DB09-4E35-9765-C63586CCE75F}.Debug|Any CPU.ActiveCfg = Debug|Any CPU
		{EB07C11A-DB09-4E35-9765-C63586CCE75F}.Debug|Any CPU.Build.0 = Debug|Any CPU
		{EB07C11A-DB09-4E35-9765-C63586CCE75F}.Release|Any CPU.ActiveCfg = Release|Any CPU
		{EB07C11A-DB09-4E35-9765-C63586CCE75F}.Release|Any CPU.Build.0 = Release|Any CPU
	EndGlobalSection
	GlobalSection(SolutionProperties) = preSolution
		HideSolutionNode = FALSE
	EndGlobalSection
	GlobalSection(ExtensibilityGlobals) = postSolution
		SolutionGuid = {D5CD178B-95A4-47AB-969A-9ECC6B6A9050}
	EndGlobalSection
EndGlobal
